{
    "_readme": [
        "This file locks the dependencies of your project to a known state",
        "Read more about it at https://getcomposer.org/doc/01-basic-usage.md#installing-dependencies",
        "This file is @generated automatically"
    ],
    "content-hash": "e7fe0585ef93919fdeadf1dfde46feeb",
    "packages": [],
    "packages-dev": [
        {
            "name": "websyspro/commons",
            "version": "dev-main",
            "source": {
                "type": "git",
                "url": "https://github.com/websyspro/commons.git",
                "reference": "a74adb057bc5e3fcc7d8134fd274beb64f5a8ad6"
            },
            "dist": {
                "type": "zip",
                "url": "https://api.github.com/repos/websyspro/commons/zipball/a74adb057bc5e3fcc7d8134fd274beb64f5a8ad6",
                "reference": "a74adb057bc5e3fcc7d8134fd274beb64f5a8ad6",
                "shasum": ""
            },
            "default-branch": true,
            "type": "library",
            "autoload": {
                "psr-4": {
                    "Websyspro\\Commons\\": "src/"
                }
            },
            "notification-url": "https://packagist.org/downloads/",
            "license": [
                "MIT"
            ],
            "authors": [
                {
                    "name": "websyspro",
                    "email": "websyspro.services@gmail.com"
                }
            ],
            "description": "Generic utility helpers for PHP components (arrays, files, strings, types, and identifiers).",
            "support": {
                "issues": "https://github.com/websyspro/commons/issues",
                "source": "https://github.com/websyspro/commons/tree/main"
            },
            "time": "2026-01-17T21:48:23+00:00"
        }
    ],
    "aliases": [],
    "minimum-stability": "stable",
    "stability-flags": {
        "websyspro/commons": 20
    },
    "prefer-stable": false,
    "prefer-lowest": false,
    "platform": {},
    "platform-dev": {},
    "plugin-api-version": "2.9.0"
}
